id: traffic_gen_trigger
label: Trigger
category: '[Traffic_gen]'

templates:
  imports: import traffic_gen
  make: traffic_gen.trigger(${ip_addr}, ${port}, ${tag_name}, ${margin})
  callbacks:
  - set_margin(${margin})
#  Make one 'parameters' list entry for every parameter you want settable from the GUI.
#     Keys include:
#     * id (makes the value accessible as \$keyname, e.g. in the make entry)
#     * label (label shown in the GUI)
#     * dtype (e.g. int, float, complex, byte, short, xxx_vector, ...)
parameters:
- id: ip_addr
  label: IP
  default: '127.0.0.1'
  dtype: string
- id: port
  label: Port
  dtype: int
  default: 7000
- id: tag_name
  label: Tag name
  dtype: string
  default: 'packet_len'
- id: margin
  label: Margin
  dtype: int
  default: 30

#  Make one 'inputs' list entry per input and one 'outputs' list entry per output.
#  Keys include:
#      * label (an identifier for the GUI)
#      * domain (optional - stream or message. Default is stream)
#      * dtype (e.g. int, float, complex, byte, short, xxx_vector, ...)
#      * vlen (optional - data stream vector length. Default is 1)
#      * optional (optional - set to 1 for optional inputs. Default is 0)
inputs:
- label: in
  domain: stream
  dtype: complex
  vlen: 1
  optional: 0

outputs:
- label: out
  domain: stream
  dtype: complex
  vlen: 1
  optional: 0
- label: resamp
  domain: message
  optional: 1
- label: freq
  domain: message
  optional: 1

#  'file_format' specifies the version of the GRC yml format used in the file
#  and should usually not be changed.
file_format: 1
