id: traffic_gen_margin_cut
label: margin_cut
category: '[traffic_gen]'

templates:
  imports: import traffic_gen
  make: traffic_gen.margin_cut()


parameters:
- id: head_margin
  label: Head margin
  dtype: int
- id: end_margin
  label: End margin
  dtype: int
- id: tag_name
  label: Tag name
  dtype: std::string

inputs:
- label: in
  dtype: complex

outputs:
- label: out
  dtype: complex

#  'file_format' specifies the version of the GRC yml format used in the file
#  and should usually not be changed.
file_format: 1
