id: traffic_gen_insert_burst
label: Insert Burst
category: '[Traffic_gen]'

templates:
  imports: import traffic_gen
  make: traffic_gen.insert_burst( ${tag_name}, ${end_margin}, ${zero_fill})

parameters:
- id: tag_name
  label: Tag name
  dtype: string
  default: 'packet_len'
- id: end_margin
  label: End margin
  dtype: int
  default: 30
- id: zero_fill
  label: Keep margins with zeros
  dtype: bool
  default: true

inputs:
- label: in
  domain: stream
  dtype: complex
  vlen: 1
  optional: 0
- label: burst
  domain: stream
  dtype: complex
  vlen: 1
  optional: 0

outputs:
- label: out
  domain: stream
  dtype: complex
  vlen: 1
  optional: 0

#  'file_format' specifies the version of the GRC yml format used in the file
#  and should usually not be changed.
file_format: 1
